{
  "nodes": {
    "nixos-sun20iw1p1": {
      "inputs": {
        "nixpkgs": "nixpkgs"
      },
      "locked": {
        "lastModified": 1666345896,
        "narHash": "sha256-SmNzJEdyeoeqmD8jof9cWl1LBtlEFiyR0sFgO3XepAs=",
        "owner": "chuangzhu",
        "repo": "nixos-sun20iw1p1",
        "rev": "995613e861686f7c58184aea5d48efc9d1cc666f",
        "type": "github"
      },
      "original": {
        "owner": "chuangzhu",
        "repo": "nixos-sun20iw1p1",
        "type": "github"
      }
    },
    "nixpkgs": {
      "locked": {
        "lastModified": 1665732960,
        "narHash": "sha256-WBZ+uSHKFyjvd0w4inbm0cNExYTn8lpYFcHEes8tmec=",
        "owner": "NixOS",
        "repo": "nixpkgs",
        "rev": "4428e23312933a196724da2df7ab78eb5e67a88e",
        "type": "github"
      },
      "original": {
        "owner": "NixOS",
        "ref": "nixos-unstable",
        "repo": "nixpkgs",
        "type": "github"
      }
    },
    "nixpkgs_2": {
      "locked": {
        "lastModified": 1665732960,
        "narHash": "sha256-WBZ+uSHKFyjvd0w4inbm0cNExYTn8lpYFcHEes8tmec=",
        "owner": "NixOS",
        "repo": "nixpkgs",
        "rev": "4428e23312933a196724da2df7ab78eb5e67a88e",
        "type": "github"
      },
      "original": {
        "owner": "NixOS",
        "ref": "nixos-unstable",
        "repo": "nixpkgs",
        "type": "github"
      }
    },
    "nixpkgs_3": {
      "locked": {
        "lastModified": 1720535198,
        "narHash": "sha256-zwVvxrdIzralnSbcpghA92tWu2DV2lwv89xZc8MTrbg=",
        "owner": "NixOS",
        "repo": "nixpkgs",
        "rev": "205fd4226592cc83fd4c0885a3e4c9c400efabb5",
        "type": "github"
      },
      "original": {
        "id": "nixpkgs",
        "ref": "nixos-23.11",
        "type": "indirect"
      }
    },
    "root": {
      "inputs": {
        "nixos-sun20iw1p1": "nixos-sun20iw1p1",
        "nixpkgs": "nixpkgs_2",
        "rust-gps": "rust-gps"
      }
    },
    "rust-gps": {
      "inputs": {
        "nixpkgs": "nixpkgs_3"
      },
      "locked": {
        "lastModified": 1724973480,
        "narHash": "sha256-W0sIbaCH/sbYIZIGxznB93Y96gQs3dTeP12IIVSQKX0=",
        "owner": "Givlucas",
        "repo": "rust-gps",
        "rev": "725eb0a3d88efc5df60045b29f7871cce27afaf9",
        "type": "github"
      },
      "original": {
        "owner": "Givlucas",
        "repo": "rust-gps",
        "type": "github"
      }
    }
  },
  "root": "root",
  "version": 7
}
